
Microsoft Visual Studio Solution File, Format Version 12.00
# Visual Studio Version 16
VisualStudioVersion = 16.0.29905.134
MinimumVisualStudioVersion = 10.0.40219.1
Project("{8BC9CEB8-8B4A-11D0-8D11-00A0C91BC942}") = "Project4", "Project4.vcxproj", "{12D5BE6D-41C6-4A75-A2EC-66D6F1491458}"
EndProject
Global
	GlobalSection(SolutionConfigurationPlatforms) = preSolution
		Debug|x64 = Debug|x64
		Debug|x86 = Debug|x86
		Release|x64 = Release|x64
		Release|x86 = Release|x86
	EndGlobalSection
	GlobalSection(ProjectConfigurationPlatforms) = postSolution
		{12D5BE6D-41C6-4A75-A2EC-66D6F1491458}.Debug|x64.ActiveCfg = Debug|x64
		{12D5BE6D-41C6-4A75-A2EC-66D6F1491458}.Debug|x64.Build.0 = Debug|x64
		{12D5BE6D-41C6-4A75-A2EC-66D6F1491458}.Debug|x86.ActiveCfg = Debug|Win32
		{12D5BE6D-41C6-4A75-A2EC-66D6F1491458}.Debug|x86.Build.0 = Debug|Win32
		{12D5BE6D-41C6-4A75-A2EC-66D6F1491458}.Release|x64.ActiveCfg = Release|x64
		{12D5BE6D-41C6-4A75-A2EC-66D6F1491458}.Release|x64.Build.0 = Release|x64
		{12D5BE6D-41C6-4A75-A2EC-66D6F1491458}.Release|x86.ActiveCfg = Release|Win32
		{12D5BE6D-41C6-4A75-A2EC-66D6F1491458}.Release|x86.Build.0 = Release|Win32
	EndGlobalSection
	GlobalSection(SolutionProperties) = preSolution
		HideSolutionNode = FALSE
	EndGlobalSection
	GlobalSection(ExtensibilityGlobals) = postSolution
		SolutionGuid = {74F9E1C0-1C0D-49F7-A4B4-326B40BA8EC8}
	EndGlobalSection
EndGlobal
